
Microsoft Visual Studio Solution File, Format Version 12.00
# Visual Studio Version 17
VisualStudioVersion = 17.13.35825.156 d17.13
MinimumVisualStudioVersion = 10.0.40219.1
Project("{FAE04EC0-301F-11D3-BF4B-00C04F79EFBC}") = "BilyarAPI", "BilyarAPI.csproj", "{2E7FCEAE-5986-4DC6-B24E-C8BA9ECEA833}"
EndProject
Global
	GlobalSection(SolutionConfigurationPlatforms) = preSolution
		Debug|Any CPU = Debug|Any CPU
		Release|Any CPU = Release|Any CPU
	EndGlobalSection
	GlobalSection(ProjectConfigurationPlatforms) = postSolution
		{2E7FCEAE-5986-4DC6-B24E-C8BA9ECEA833}.Debug|Any CPU.ActiveCfg = Debug|Any CPU
		{2E7FCEAE-5986-4DC6-B24E-C8BA9ECEA833}.Debug|Any CPU.Build.0 = Debug|Any CPU
		{2E7FCEAE-5986-4DC6-B24E-C8BA9ECEA833}.Release|Any CPU.ActiveCfg = Release|Any CPU
		{2E7FCEAE-5986-4DC6-B24E-C8BA9ECEA833}.Release|Any CPU.Build.0 = Release|Any CPU
	EndGlobalSection
	GlobalSection(SolutionProperties) = preSolution
		HideSolutionNode = FALSE
	EndGlobalSection
	GlobalSection(ExtensibilityGlobals) = postSolution
		SolutionGuid = {F43E3DC2-AA75-4176-ADE5-A66B4DCC9699}
	EndGlobalSection
EndGlobal
